
Microsoft Visual Studio Solution File, Format Version 12.00
Project("{FAE04EC0-301F-11D3-BF4B-00C04F79EFBC}") = "Morse", "Morse\Morse.csproj", "{B54C1F32-BFD5-49A9-891A-ECBA91DD6A10}"
EndProject
Global
	GlobalSection(SolutionConfigurationPlatforms) = preSolution
		Debug|Any CPU = Debug|Any CPU
		Release|Any CPU = Release|Any CPU
	EndGlobalSection
	GlobalSection(ProjectConfigurationPlatforms) = postSolution
		{B54C1F32-BFD5-49A9-891A-ECBA91DD6A10}.Debug|Any CPU.ActiveCfg = Debug|Any CPU
		{B54C1F32-BFD5-49A9-891A-ECBA91DD6A10}.Debug|Any CPU.Build.0 = Debug|Any CPU
		{B54C1F32-BFD5-49A9-891A-ECBA91DD6A10}.Release|Any CPU.ActiveCfg = Release|Any CPU
		{B54C1F32-BFD5-49A9-891A-ECBA91DD6A10}.Release|Any CPU.Build.0 = Release|Any CPU
	EndGlobalSection
EndGlobal
